{
  "name": "hypercollider",
  "version": "0.1.0",
  "lockfileVersion": 3,
  "requires": true,
  "packages": {
    "": {
      "name": "hypercollider",
      "version": "0.1.0",
      "license": "GPL-2.0-or-later",
      "optionalDependencies": {
        "audio-speaker": "^2.3.1",
        "midi": "^2.0.0"
      }
    },
    "node_modules/@audio/speaker-darwin-arm64": {
      "version": "2.0.4",
      "resolved": "https://registry.npmjs.org/@audio/speaker-darwin-arm64/-/speaker-darwin-arm64-2.0.4.tgz",
      "integrity": "sha512-j8Wyut1MqCENCBwqfgROkztHY60mTETv90Aw5axCYdPUCM3aHB/G9AzIimwitVnapaY2BFjt8CtNH5bvtummYQ==",
      "cpu": [
        "arm64"
      ],
      "license": "MIT",
      "optional": true,
      "os": [
        "darwin"
      ]
    },
    "node_modules/@audio/speaker-darwin-x64": {
      "version": "2.0.4",
      "resolved": "https://registry.npmjs.org/@audio/speaker-darwin-x64/-/speaker-darwin-x64-2.0.4.tgz",
      "integrity": "sha512-AvZEAy5DhLhGRdwCn/aaqDkONWmNXt4GOsetxzml8lmD518+d9VwHRKKUgWFPJ8o2g0kKGr7MC+XnUMN97RvOg==",
      "cpu": [
        "x64"
      ],
      "license": "MIT",
      "optional": true,
      "os": [
        "darwin"
      ]
    },
    "node_modules/@audio/speaker-linux-arm64": {
      "version": "2.0.4",
      "resolved": "https://registry.npmjs.org/@audio/speaker-linux-arm64/-/speaker-linux-arm64-2.0.4.tgz",
      "integrity": "sha512-aCCOBGwcg3Wg9mCi5docXHBzf6b0C/jT1mh4P+7ZQAMnepmEezKiAisdPksflW4mCO95tDEcjgIi5bG/7MtT8g==",
      "cpu": [
        "arm64"
      ],
      "license": "MIT",
      "optional": true,
      "os": [
        "linux"
      ]
    },
    "node_modules/@audio/speaker-linux-x64": {
      "version": "2.0.4",
      "resolved": "https://registry.npmjs.org/@audio/speaker-linux-x64/-/speaker-linux-x64-2.0.4.tgz",
      "integrity": "sha512-yi1M0Y5RLKhY/Gw2MGVcgPCaa/C2hJ4/Kd4O4tv8klB78yD5XW4m4FpWvEq32o18SUlC075J3JKrKrMOS1a5NA==",
      "cpu": [
        "x64"
      ],
      "license": "MIT",
      "optional": true,
      "os": [
        "linux"
      ]
    },
    "node_modules/@audio/speaker-win32-x64": {
      "version": "2.0.4",
      "resolved": "https://registry.npmjs.org/@audio/speaker-win32-x64/-/speaker-win32-x64-2.0.4.tgz",
      "integrity": "sha512-2q8qsXhIx5vrv9h9G4H1HC114T+FL5WG8Y3BOeyAeTXHyh4ci3vR4JMGuplrwo6DnhywY0fb93uEp97TnlM3pA==",
      "cpu": [
        "x64"
      ],
      "license": "MIT",
      "optional": true,
      "os": [
        "win32"
      ]
    },
    "node_modules/audio-speaker": {
      "version": "2.3.1",
      "resolved": "https://registry.npmjs.org/audio-speaker/-/audio-speaker-2.3.1.tgz",
      "integrity": "sha512-l5FXrKBu1UC6p0FxRFejBwxkDOFLeUbtQMe9kRGXERLkNr+Id3USShTldESHzGQbT1eAF/JWMzdVWHxry22TXA==",
      "hasInstallScript": true,
      "license": "MIT",
      "optional": true,
      "engines": {
        "node": ">=18"
      },
      "optionalDependencies": {
        "@audio/speaker-darwin-arm64": ">=2.0.0",
        "@audio/speaker-darwin-x64": ">=2.0.0",
        "@audio/speaker-linux-arm64": ">=2.0.0",
        "@audio/speaker-linux-x64": ">=2.0.0",
        "@audio/speaker-win32-x64": ">=2.0.0"
      }
    },
    "node_modules/bindings": {
      "version": "1.5.0",
      "resolved": "https://registry.npmjs.org/bindings/-/bindings-1.5.0.tgz",
      "integrity": "sha512-p2q/t/mhvuOj/UeLlV6566GD/guowlr0hHxClI0W9m7MWYkL1F0hLo+0Aexs9HSPCtR1SXQ0TD3MMKrXZajbiQ==",
      "license": "MIT",
      "optional": true,
      "dependencies": {
        "file-uri-to-path": "1.0.0"
      }
    },
    "node_modules/file-uri-to-path": {
      "version": "1.0.0",
      "resolved": "https://registry.npmjs.org/file-uri-to-path/-/file-uri-to-path-1.0.0.tgz",
      "integrity": "sha512-0Zt+s3L7Vf1biwWZ29aARiVYLx7iMGnEUl9x33fbB/j3jR81u/O2LbqK+Bm1CDSNDKVtJ/YjwY7TUd5SkeLQLw==",
      "license": "MIT",
      "optional": true
    },
    "node_modules/midi": {
      "version": "2.0.0",
      "resolved": "https://registry.npmjs.org/midi/-/midi-2.0.0.tgz",
      "integrity": "sha512-HyCLWa+ET8Aqfu/NxdNkxfCx0EfCJrcZgKuhrY4c9UgkfxRt3ChM7RP1oC5vJf7ALXyuAG47jqr5yUlvSodTPQ==",
      "hasInstallScript": true,
      "license": "MIT",
      "optional": true,
      "dependencies": {
        "bindings": "~1.5.0",
        "nan": "^2.14.2"
      },
      "engines": {
        "node": ">=10"
      }
    },
    "node_modules/nan": {
      "version": "2.26.2",
      "resolved": "https://registry.npmjs.org/nan/-/nan-2.26.2.tgz",
      "integrity": "sha512-0tTvBTYkt3tdGw22nrAy50x7gpbGCCFH3AFcyS5WiUu7Eu4vWlri1woE6qHBSfy11vksDqkiwjOnlR7WV8G1Hw==",
      "license": "MIT",
      "optional": true
    }
  }
}
